
Microsoft Visual Studio Solution File, Format Version 12.00
# Visual Studio Version 17
VisualStudioVersion = 17.3.32519.111
MinimumVisualStudioVersion = 10.0.40219.1
Project("{54A90642-561A-4BB1-A94E-469ADEE60C69}") = "legends", "Legends\legends.esproj", "{A14D365E-B469-4D2B-9897-5E0C94CE8DB2}"
EndProject
Project("{9A19103F-16F7-4668-BE54-9A1E7A4F7556}") = "LegendsTrackerBackend", "LegendsTrackerBackend\LegendsTrackerBackend.csproj", "{38C1F18C-AEDB-46C2-A076-D48B01B9B1BB}"
EndProject
Project("{2150E333-8FDC-42A3-9474-1A3956D46DE8}") = "Solution Items", "Solution Items", "{534FFF5A-17EF-4AD5-A315-DFCD75C50876}"
	ProjectSection(SolutionItems) = preProject
		.editorconfig = .editorconfig
	EndProjectSection
EndProject
Global
	GlobalSection(SolutionConfigurationPlatforms) = preSolution
		Debug|Any CPU = Debug|Any CPU
		Release|Any CPU = Release|Any CPU
	EndGlobalSection
	GlobalSection(ProjectConfigurationPlatforms) = postSolution
		{A14D365E-B469-4D2B-9897-5E0C94CE8DB2}.Debug|Any CPU.ActiveCfg = Debug|Any CPU
		{A14D365E-B469-4D2B-9897-5E0C94CE8DB2}.Debug|Any CPU.Build.0 = Debug|Any CPU
		{A14D365E-B469-4D2B-9897-5E0C94CE8DB2}.Debug|Any CPU.Deploy.0 = Debug|Any CPU
		{A14D365E-B469-4D2B-9897-5E0C94CE8DB2}.Release|Any CPU.ActiveCfg = Release|Any CPU
		{A14D365E-B469-4D2B-9897-5E0C94CE8DB2}.Release|Any CPU.Build.0 = Release|Any CPU
		{A14D365E-B469-4D2B-9897-5E0C94CE8DB2}.Release|Any CPU.Deploy.0 = Release|Any CPU
		{38C1F18C-AEDB-46C2-A076-D48B01B9B1BB}.Debug|Any CPU.ActiveCfg = Debug|Any CPU
		{38C1F18C-AEDB-46C2-A076-D48B01B9B1BB}.Debug|Any CPU.Build.0 = Debug|Any CPU
		{38C1F18C-AEDB-46C2-A076-D48B01B9B1BB}.Release|Any CPU.ActiveCfg = Release|Any CPU
		{38C1F18C-AEDB-46C2-A076-D48B01B9B1BB}.Release|Any CPU.Build.0 = Release|Any CPU
	EndGlobalSection
	GlobalSection(SolutionProperties) = preSolution
		HideSolutionNode = FALSE
	EndGlobalSection
	GlobalSection(ExtensibilityGlobals) = postSolution
		SolutionGuid = {0ACD052A-860C-4E72-AF17-11AF5D0FFB88}
	EndGlobalSection
EndGlobal
